PODS:
  - encore (1.0.0):
    - EncoreKit (~> 1.4)
    - Flutter
  - EncoreKit (1.4.20)
  - Flutter (1.0.0)

DEPENDENCIES:
  - encore (from `.symlinks/plugins/encore/ios`)
  - EncoreKit (from `https://github.com/EncoreKit/ios-sdk-binary.git`, tag `v1.4.20`)
  - Flutter (from `Flutter`)

EXTERNAL SOURCES:
  encore:
    :path: ".symlinks/plugins/encore/ios"
  EncoreKit:
    :git: https://github.com/EncoreKit/ios-sdk-binary.git
    :tag: v1.4.20
  Flutter:
    :path: Flutter

CHECKOUT OPTIONS:
  EncoreKit:
    :git: https://github.com/EncoreKit/ios-sdk-binary.git
    :tag: v1.4.20

SPEC CHECKSUMS:
  encore: 74d25d90866dfd76dfc41461ad45125b600febac
  EncoreKit: 782ce3040c5c37e8fcadab80282e52cb5f0b364d
  Flutter: cabc95a1d2626b1b06e7179b784ebcf0c0cde467

PODFILE CHECKSUM: 89544bba36f8d63eaaf388c7cdd715c3e9aeb421

COCOAPODS: 1.16.2
